
Microsoft Visual Studio Solution File, Format Version 12.00
# Visual Studio 15
VisualStudioVersion = 15.0.27130.2010
MinimumVisualStudioVersion = 10.0.40219.1
Project("{FAE04EC0-301F-11D3-BF4B-00C04F79EFBC}") = "ImplicitConversion", "ImplicitConversion\ImplicitConversion.csproj", "{2F5D62ED-9FCF-40EF-A42F-3DADE61AEF3D}"
EndProject
Global
	GlobalSection(SolutionConfigurationPlatforms) = preSolution
		Debug|Any CPU = Debug|Any CPU
		Release|Any CPU = Release|Any CPU
	EndGlobalSection
	GlobalSection(ProjectConfigurationPlatforms) = postSolution
		{2F5D62ED-9FCF-40EF-A42F-3DADE61AEF3D}.Debug|Any CPU.ActiveCfg = Debug|Any CPU
		{2F5D62ED-9FCF-40EF-A42F-3DADE61AEF3D}.Debug|Any CPU.Build.0 = Debug|Any CPU
		{2F5D62ED-9FCF-40EF-A42F-3DADE61AEF3D}.Release|Any CPU.ActiveCfg = Release|Any CPU
		{2F5D62ED-9FCF-40EF-A42F-3DADE61AEF3D}.Release|Any CPU.Build.0 = Release|Any CPU
	EndGlobalSection
	GlobalSection(SolutionProperties) = preSolution
		HideSolutionNode = FALSE
	EndGlobalSection
	GlobalSection(ExtensibilityGlobals) = postSolution
		SolutionGuid = {1C4C9610-2877-457B-811D-2705D751376D}
	EndGlobalSection
EndGlobal
